
Microsoft Visual Studio Solution File, Format Version 12.00
# Visual Studio Version 17
VisualStudioVersion = 17.8.34316.72
MinimumVisualStudioVersion = 10.0.40219.1
Project("{8BC9CEB8-8B4A-11D0-8D11-00A0C91BC942}") = "CHAP02", "CHAP02\CHAP02.vcxproj", "{CA510944-473F-4482-8DA4-D034CE415920}"
EndProject
Project("{8BC9CEB8-8B4A-11D0-8D11-00A0C91BC942}") = "CHAP3", "CHAP3\CHAP3.vcxproj", "{A54EBE0A-7C07-4AE0-8172-B8343BE0A772}"
EndProject
Project("{8BC9CEB8-8B4A-11D0-8D11-00A0C91BC942}") = "CHAP4", "CHAP4\CHAP4.vcxproj", "{03F775CE-964F-46D9-97B6-F481908208BF}"
EndProject
Project("{8BC9CEB8-8B4A-11D0-8D11-00A0C91BC942}") = "CHAP05", "CHAP05\CHAP05.vcxproj", "{13728B6C-D5E3-4D66-AD6B-6F0979D56618}"
EndProject
Project("{8BC9CEB8-8B4A-11D0-8D11-00A0C91BC942}") = "CHAP05_DLL1", "CHAP05_DLL1\CHAP05_DLL1.vcxproj", "{27649DA2-3D2C-4B57-8E25-A5DABF530999}"
EndProject
Project("{8BC9CEB8-8B4A-11D0-8D11-00A0C91BC942}") = "CHAP05_DLL2", "CHAP05_DLL2\CHAP05_DLL2.vcxproj", "{CD2F7388-B48F-4D42-AB28-4E6D9DBC9228}"
EndProject
Project("{8BC9CEB8-8B4A-11D0-8D11-00A0C91BC942}") = "CHAP05_DLL3", "CHAP05_DLL3\CHAP05_DLL3.vcxproj", "{4208376D-5A32-4CD0-9B00-9D6308BA0D7E}"
EndProject
Project("{8BC9CEB8-8B4A-11D0-8D11-00A0C91BC942}") = "CHAP06", "CHAP06\CHAP06.vcxproj", "{5EEF01E8-3C92-46BE-86B4-1BAA1C2C8436}"
EndProject
Project("{8BC9CEB8-8B4A-11D0-8D11-00A0C91BC942}") = "CHAP07_DLL1", "CHAP07_DLL1\CHAP07_DLL1.vcxproj", "{5919A10E-60D2-4BFB-B456-EF7BA06D5120}"
EndProject
Project("{8BC9CEB8-8B4A-11D0-8D11-00A0C91BC942}") = "CHAP07", "CHAP07\CHAP07.vcxproj", "{BFBE8328-A458-4A68-B7D8-70BA14F29A8C}"
EndProject
Project("{8BC9CEB8-8B4A-11D0-8D11-00A0C91BC942}") = "CHAP08_CONTAIN", "CHAP08_CONTAIN\CHAP08_CONTAIN.vcxproj", "{7D13E323-57E1-4165-B8B6-0A012A7F890A}"
EndProject
Project("{8BC9CEB8-8B4A-11D0-8D11-00A0C91BC942}") = "CHAP08_AGGREGATE", "CHAP08_AGGREGATE\CHAP08_AGGREGATE.vcxproj", "{02A13A01-9347-4B74-96CC-9CEBC18107DE}"
EndProject
Project("{8BC9CEB8-8B4A-11D0-8D11-00A0C91BC942}") = "CHAP08_AGGREGATE_DLL1", "CHAP08_AGGREGATE_DLL1\CHAP08_AGGREGATE_DLL1.vcxproj", "{AB4AA2F8-0601-4B26-9E6C-2A1F95B544B8}"
EndProject
Project("{8BC9CEB8-8B4A-11D0-8D11-00A0C91BC942}") = "CHAP08_AGGREGATE_DLL2", "CHAP08_AGGREGATE_DLL2\CHAP08_AGGREGATE_DLL2.vcxproj", "{83CD6B87-EAE7-4C95-A1F0-CEB01A0BA1FC}"
EndProject
Project("{8BC9CEB8-8B4A-11D0-8D11-00A0C91BC942}") = "CHAP08_CONTAIN_DLL1", "CHAP08_CONTAIN_DLL1\CHAP08_CONTAIN_DLL1.vcxproj", "{A25D9EFB-7D13-484A-82DF-56E74739AC07}"
EndProject
Project("{8BC9CEB8-8B4A-11D0-8D11-00A0C91BC942}") = "CHAP08_CONTAIN_DLL2", "CHAP08_CONTAIN_DLL2\CHAP08_CONTAIN_DLL2.vcxproj", "{A3911B0F-04B3-4037-AF6E-6B028FC61ABC}"
EndProject
Project("{8BC9CEB8-8B4A-11D0-8D11-00A0C91BC942}") = "CHAP09_DLL1", "CHAP09_DLL1\CHAP09_DLL1.vcxproj", "{16ABD2D4-D0BC-4E29-BE32-C58805949400}"
EndProject
Project("{8BC9CEB8-8B4A-11D0-8D11-00A0C91BC942}") = "CHAP09_CLIENT1", "CHAP09_CLIENT1\CHAP09_CLIENT1.vcxproj", "{9FA3515A-99B7-4031-8323-ED7C31909883}"
EndProject
Project("{8BC9CEB8-8B4A-11D0-8D11-00A0C91BC942}") = "CHAP09_CLIENT2", "CHAP09_CLIENT2\CHAP09_CLIENT2.vcxproj", "{C6B50C7B-0C92-4B1F-9CB8-F06C554A3FC3}"
EndProject
Project("{8BC9CEB8-8B4A-11D0-8D11-00A0C91BC942}") = "CHAP10", "CHAP10\CHAP10.vcxproj", "{A4154E1D-886E-4DFA-9F26-227E39D9BFD6}"
EndProject
Project("{8BC9CEB8-8B4A-11D0-8D11-00A0C91BC942}") = "CHAP10_InProc", "CHAP10_InProc\CHAP10_InProc.vcxproj", "{057F88F9-930D-429D-9914-9633FBD96B4D}"
EndProject
Project("{8BC9CEB8-8B4A-11D0-8D11-00A0C91BC942}") = "CHAP10_OutProc", "CHAP10_OutProc\CHAP10_OutProc.vcxproj", "{9499E06F-BF08-4456-9858-1C3EB478DA0B}"
EndProject
Project("{8BC9CEB8-8B4A-11D0-8D11-00A0C91BC942}") = "CHAP10_PROXY_DLL", "CHAP10_PROXY_DLL\CHAP10_PROXY_DLL.vcxproj", "{32AACFDB-418D-4819-8148-C486873AF50B}"
EndProject
Project("{8BC9CEB8-8B4A-11D0-8D11-00A0C91BC942}") = "CHAP11_DLL", "CHAP11_DLL\CHAP11_DLL.vcxproj", "{55435FF5-B5E0-484E-8F03-71828801BFC7}"
EndProject
Project("{8BC9CEB8-8B4A-11D0-8D11-00A0C91BC942}") = "CHAP11_CLIENT", "CHAP11_CLIENT\CHAP11_CLIENT.vcxproj", "{811BB51D-AC17-444B-8BB3-E4835070F8D2}"
EndProject
Project("{8BC9CEB8-8B4A-11D0-8D11-00A0C91BC942}") = "CHAP11_DCLIENT", "CHAP11_DCLIENT\CHAP11_DCLIENT.vcxproj", "{C32D7B62-C758-4CEA-A1BF-1D3CABCAE216}"
EndProject
Project("{8BC9CEB8-8B4A-11D0-8D11-00A0C91BC942}") = "CHAP11_OutProc", "CHAP11_OutProc\CHAP11_OutProc.vcxproj", "{65272703-ED86-4AC1-BD6B-DA5CA26E0F0B}"
EndProject
Project("{8BC9CEB8-8B4A-11D0-8D11-00A0C91BC942}") = "CHAP11_PROXY_DLL", "CHAP11_PROXY_DLL\CHAP11_PROXY_DLL.vcxproj", "{B4770111-B62A-41B3-8693-8A4190454BE2}"
EndProject
Global
	GlobalSection(SolutionConfigurationPlatforms) = preSolution
		Debug|x64 = Debug|x64
		Debug|x86 = Debug|x86
		Release|x64 = Release|x64
		Release|x86 = Release|x86
	EndGlobalSection
	GlobalSection(ProjectConfigurationPlatforms) = postSolution
		{CA510944-473F-4482-8DA4-D034CE415920}.Debug|x64.ActiveCfg = Debug|x64
		{CA510944-473F-4482-8DA4-D034CE415920}.Debug|x64.Build.0 = Debug|x64
		{CA510944-473F-4482-8DA4-D034CE415920}.Debug|x86.ActiveCfg = Debug|Win32
		{CA510944-473F-4482-8DA4-D034CE415920}.Debug|x86.Build.0 = Debug|Win32
		{CA510944-473F-4482-8DA4-D034CE415920}.Release|x64.ActiveCfg = Release|x64
		{CA510944-473F-4482-8DA4-D034CE415920}.Release|x64.Build.0 = Release|x64
		{CA510944-473F-4482-8DA4-D034CE415920}.Release|x86.ActiveCfg = Release|Win32
		{CA510944-473F-4482-8DA4-D034CE415920}.Release|x86.Build.0 = Release|Win32
		{A54EBE0A-7C07-4AE0-8172-B8343BE0A772}.Debug|x64.ActiveCfg = Debug|x64
		{A54EBE0A-7C07-4AE0-8172-B8343BE0A772}.Debug|x64.Build.0 = Debug|x64
		{A54EBE0A-7C07-4AE0-8172-B8343BE0A772}.Debug|x86.ActiveCfg = Debug|Win32
		{A54EBE0A-7C07-4AE0-8172-B8343BE0A772}.Debug|x86.Build.0 = Debug|Win32
		{A54EBE0A-7C07-4AE0-8172-B8343BE0A772}.Release|x64.ActiveCfg = Release|x64
		{A54EBE0A-7C07-4AE0-8172-B8343BE0A772}.Release|x64.Build.0 = Release|x64
		{A54EBE0A-7C07-4AE0-8172-B8343BE0A772}.Release|x86.ActiveCfg = Release|Win32
		{A54EBE0A-7C07-4AE0-8172-B8343BE0A772}.Release|x86.Build.0 = Release|Win32
		{03F775CE-964F-46D9-97B6-F481908208BF}.Debug|x64.ActiveCfg = Debug|x64
		{03F775CE-964F-46D9-97B6-F481908208BF}.Debug|x64.Build.0 = Debug|x64
		{03F775CE-964F-46D9-97B6-F481908208BF}.Debug|x86.ActiveCfg = Debug|Win32
		{03F775CE-964F-46D9-97B6-F481908208BF}.Debug|x86.Build.0 = Debug|Win32
		{03F775CE-964F-46D9-97B6-F481908208BF}.Release|x64.ActiveCfg = Release|x64
		{03F775CE-964F-46D9-97B6-F481908208BF}.Release|x64.Build.0 = Release|x64
		{03F775CE-964F-46D9-97B6-F481908208BF}.Release|x86.ActiveCfg = Release|Win32
		{03F775CE-964F-46D9-97B6-F481908208BF}.Release|x86.Build.0 = Release|Win32
		{13728B6C-D5E3-4D66-AD6B-6F0979D56618}.Debug|x64.ActiveCfg = Debug|x64
		{13728B6C-D5E3-4D66-AD6B-6F0979D56618}.Debug|x64.Build.0 = Debug|x64
		{13728B6C-D5E3-4D66-AD6B-6F0979D56618}.Debug|x86.ActiveCfg = Debug|Win32
		{13728B6C-D5E3-4D66-AD6B-6F0979D56618}.Debug|x86.Build.0 = Debug|Win32
		{13728B6C-D5E3-4D66-AD6B-6F0979D56618}.Release|x64.ActiveCfg = Release|x64
		{13728B6C-D5E3-4D66-AD6B-6F0979D56618}.Release|x64.Build.0 = Release|x64
		{13728B6C-D5E3-4D66-AD6B-6F0979D56618}.Release|x86.ActiveCfg = Release|Win32
		{13728B6C-D5E3-4D66-AD6B-6F0979D56618}.Release|x86.Build.0 = Release|Win32
		{27649DA2-3D2C-4B57-8E25-A5DABF530999}.Debug|x64.ActiveCfg = Debug|x64
		{27649DA2-3D2C-4B57-8E25-A5DABF530999}.Debug|x64.Build.0 = Debug|x64
		{27649DA2-3D2C-4B57-8E25-A5DABF530999}.Debug|x86.ActiveCfg = Debug|Win32
		{27649DA2-3D2C-4B57-8E25-A5DABF530999}.Debug|x86.Build.0 = Debug|Win32
		{27649DA2-3D2C-4B57-8E25-A5DABF530999}.Release|x64.ActiveCfg = Release|x64
		{27649DA2-3D2C-4B57-8E25-A5DABF530999}.Release|x64.Build.0 = Release|x64
		{27649DA2-3D2C-4B57-8E25-A5DABF530999}.Release|x86.ActiveCfg = Release|Win32
		{27649DA2-3D2C-4B57-8E25-A5DABF530999}.Release|x86.Build.0 = Release|Win32
		{CD2F7388-B48F-4D42-AB28-4E6D9DBC9228}.Debug|x64.ActiveCfg = Debug|x64
		{CD2F7388-B48F-4D42-AB28-4E6D9DBC9228}.Debug|x64.Build.0 = Debug|x64
		{CD2F7388-B48F-4D42-AB28-4E6D9DBC9228}.Debug|x86.ActiveCfg = Debug|Win32
		{CD2F7388-B48F-4D42-AB28-4E6D9DBC9228}.Debug|x86.Build.0 = Debug|Win32
		{CD2F7388-B48F-4D42-AB28-4E6D9DBC9228}.Release|x64.ActiveCfg = Release|x64
		{CD2F7388-B48F-4D42-AB28-4E6D9DBC9228}.Release|x64.Build.0 = Release|x64
		{CD2F7388-B48F-4D42-AB28-4E6D9DBC9228}.Release|x86.ActiveCfg = Release|Win32
		{CD2F7388-B48F-4D42-AB28-4E6D9DBC9228}.Release|x86.Build.0 = Release|Win32
		{4208376D-5A32-4CD0-9B00-9D6308BA0D7E}.Debug|x64.ActiveCfg = Debug|x64
		{4208376D-5A32-4CD0-9B00-9D6308BA0D7E}.Debug|x64.Build.0 = Debug|x64
		{4208376D-5A32-4CD0-9B00-9D6308BA0D7E}.Debug|x86.ActiveCfg = Debug|Win32
		{4208376D-5A32-4CD0-9B00-9D6308BA0D7E}.Debug|x86.Build.0 = Debug|Win32
		{4208376D-5A32-4CD0-9B00-9D6308BA0D7E}.Release|x64.ActiveCfg = Release|x64
		{4208376D-5A32-4CD0-9B00-9D6308BA0D7E}.Release|x64.Build.0 = Release|x64
		{4208376D-5A32-4CD0-9B00-9D6308BA0D7E}.Release|x86.ActiveCfg = Release|Win32
		{4208376D-5A32-4CD0-9B00-9D6308BA0D7E}.Release|x86.Build.0 = Release|Win32
		{5EEF01E8-3C92-46BE-86B4-1BAA1C2C8436}.Debug|x64.ActiveCfg = Debug|x64
		{5EEF01E8-3C92-46BE-86B4-1BAA1C2C8436}.Debug|x64.Build.0 = Debug|x64
		{5EEF01E8-3C92-46BE-86B4-1BAA1C2C8436}.Debug|x86.ActiveCfg = Debug|Win32
		{5EEF01E8-3C92-46BE-86B4-1BAA1C2C8436}.Debug|x86.Build.0 = Debug|Win32
		{5EEF01E8-3C92-46BE-86B4-1BAA1C2C8436}.Release|x64.ActiveCfg = Release|x64
		{5EEF01E8-3C92-46BE-86B4-1BAA1C2C8436}.Release|x64.Build.0 = Release|x64
		{5EEF01E8-3C92-46BE-86B4-1BAA1C2C8436}.Release|x86.ActiveCfg = Release|Win32
		{5EEF01E8-3C92-46BE-86B4-1BAA1C2C8436}.Release|x86.Build.0 = Release|Win32
		{5919A10E-60D2-4BFB-B456-EF7BA06D5120}.Debug|x64.ActiveCfg = Debug|x64
		{5919A10E-60D2-4BFB-B456-EF7BA06D5120}.Debug|x64.Build.0 = Debug|x64
		{5919A10E-60D2-4BFB-B456-EF7BA06D5120}.Debug|x86.ActiveCfg = Debug|Win32
		{5919A10E-60D2-4BFB-B456-EF7BA06D5120}.Debug|x86.Build.0 = Debug|Win32
		{5919A10E-60D2-4BFB-B456-EF7BA06D5120}.Release|x64.ActiveCfg = Release|x64
		{5919A10E-60D2-4BFB-B456-EF7BA06D5120}.Release|x64.Build.0 = Release|x64
		{5919A10E-60D2-4BFB-B456-EF7BA06D5120}.Release|x86.ActiveCfg = Release|Win32
		{5919A10E-60D2-4BFB-B456-EF7BA06D5120}.Release|x86.Build.0 = Release|Win32
		{BFBE8328-A458-4A68-B7D8-70BA14F29A8C}.Debug|x64.ActiveCfg = Debug|x64
		{BFBE8328-A458-4A68-B7D8-70BA14F29A8C}.Debug|x64.Build.0 = Debug|x64
		{BFBE8328-A458-4A68-B7D8-70BA14F29A8C}.Debug|x86.ActiveCfg = Debug|Win32
		{BFBE8328-A458-4A68-B7D8-70BA14F29A8C}.Debug|x86.Build.0 = Debug|Win32
		{BFBE8328-A458-4A68-B7D8-70BA14F29A8C}.Release|x64.ActiveCfg = Release|x64
		{BFBE8328-A458-4A68-B7D8-70BA14F29A8C}.Release|x64.Build.0 = Release|x64
		{BFBE8328-A458-4A68-B7D8-70BA14F29A8C}.Release|x86.ActiveCfg = Release|Win32
		{BFBE8328-A458-4A68-B7D8-70BA14F29A8C}.Release|x86.Build.0 = Release|Win32
		{7D13E323-57E1-4165-B8B6-0A012A7F890A}.Debug|x64.ActiveCfg = Debug|x64
		{7D13E323-57E1-4165-B8B6-0A012A7F890A}.Debug|x64.Build.0 = Debug|x64
		{7D13E323-57E1-4165-B8B6-0A012A7F890A}.Debug|x86.ActiveCfg = Debug|Win32
		{7D13E323-57E1-4165-B8B6-0A012A7F890A}.Debug|x86.Build.0 = Debug|Win32
		{7D13E323-57E1-4165-B8B6-0A012A7F890A}.Release|x64.ActiveCfg = Release|x64
		{7D13E323-57E1-4165-B8B6-0A012A7F890A}.Release|x64.Build.0 = Release|x64
		{7D13E323-57E1-4165-B8B6-0A012A7F890A}.Release|x86.ActiveCfg = Release|Win32
		{7D13E323-57E1-4165-B8B6-0A012A7F890A}.Release|x86.Build.0 = Release|Win32
		{02A13A01-9347-4B74-96CC-9CEBC18107DE}.Debug|x64.ActiveCfg = Debug|x64
		{02A13A01-9347-4B74-96CC-9CEBC18107DE}.Debug|x64.Build.0 = Debug|x64
		{02A13A01-9347-4B74-96CC-9CEBC18107DE}.Debug|x86.ActiveCfg = Debug|Win32
		{02A13A01-9347-4B74-96CC-9CEBC18107DE}.Debug|x86.Build.0 = Debug|Win32
		{02A13A01-9347-4B74-96CC-9CEBC18107DE}.Release|x64.ActiveCfg = Release|x64
		{02A13A01-9347-4B74-96CC-9CEBC18107DE}.Release|x64.Build.0 = Release|x64
		{02A13A01-9347-4B74-96CC-9CEBC18107DE}.Release|x86.ActiveCfg = Release|Win32
		{02A13A01-9347-4B74-96CC-9CEBC18107DE}.Release|x86.Build.0 = Release|Win32
		{AB4AA2F8-0601-4B26-9E6C-2A1F95B544B8}.Debug|x64.ActiveCfg = Debug|x64
		{AB4AA2F8-0601-4B26-9E6C-2A1F95B544B8}.Debug|x64.Build.0 = Debug|x64
		{AB4AA2F8-0601-4B26-9E6C-2A1F95B544B8}.Debug|x86.ActiveCfg = Debug|Win32
		{AB4AA2F8-0601-4B26-9E6C-2A1F95B544B8}.Debug|x86.Build.0 = Debug|Win32
		{AB4AA2F8-0601-4B26-9E6C-2A1F95B544B8}.Release|x64.ActiveCfg = Release|x64
		{AB4AA2F8-0601-4B26-9E6C-2A1F95B544B8}.Release|x64.Build.0 = Release|x64
		{AB4AA2F8-0601-4B26-9E6C-2A1F95B544B8}.Release|x86.ActiveCfg = Release|Win32
		{AB4AA2F8-0601-4B26-9E6C-2A1F95B544B8}.Release|x86.Build.0 = Release|Win32
		{83CD6B87-EAE7-4C95-A1F0-CEB01A0BA1FC}.Debug|x64.ActiveCfg = Debug|x64
		{83CD6B87-EAE7-4C95-A1F0-CEB01A0BA1FC}.Debug|x64.Build.0 = Debug|x64
		{83CD6B87-EAE7-4C95-A1F0-CEB01A0BA1FC}.Debug|x86.ActiveCfg = Debug|Win32
		{83CD6B87-EAE7-4C95-A1F0-CEB01A0BA1FC}.Debug|x86.Build.0 = Debug|Win32
		{83CD6B87-EAE7-4C95-A1F0-CEB01A0BA1FC}.Release|x64.ActiveCfg = Release|x64
		{83CD6B87-EAE7-4C95-A1F0-CEB01A0BA1FC}.Release|x64.Build.0 = Release|x64
		{83CD6B87-EAE7-4C95-A1F0-CEB01A0BA1FC}.Release|x86.ActiveCfg = Release|Win32
		{83CD6B87-EAE7-4C95-A1F0-CEB01A0BA1FC}.Release|x86.Build.0 = Release|Win32
		{A25D9EFB-7D13-484A-82DF-56E74739AC07}.Debug|x64.ActiveCfg = Debug|x64
		{A25D9EFB-7D13-484A-82DF-56E74739AC07}.Debug|x64.Build.0 = Debug|x64
		{A25D9EFB-7D13-484A-82DF-56E74739AC07}.Debug|x86.ActiveCfg = Debug|Win32
		{A25D9EFB-7D13-484A-82DF-56E74739AC07}.Debug|x86.Build.0 = Debug|Win32
		{A25D9EFB-7D13-484A-82DF-56E74739AC07}.Release|x64.ActiveCfg = Release|x64
		{A25D9EFB-7D13-484A-82DF-56E74739AC07}.Release|x64.Build.0 = Release|x64
		{A25D9EFB-7D13-484A-82DF-56E74739AC07}.Release|x86.ActiveCfg = Release|Win32
		{A25D9EFB-7D13-484A-82DF-56E74739AC07}.Release|x86.Build.0 = Release|Win32
		{A3911B0F-04B3-4037-AF6E-6B028FC61ABC}.Debug|x64.ActiveCfg = Debug|x64
		{A3911B0F-04B3-4037-AF6E-6B028FC61ABC}.Debug|x64.Build.0 = Debug|x64
		{A3911B0F-04B3-4037-AF6E-6B028FC61ABC}.Debug|x86.ActiveCfg = Debug|Win32
		{A3911B0F-04B3-4037-AF6E-6B028FC61ABC}.Debug|x86.Build.0 = Debug|Win32
		{A3911B0F-04B3-4037-AF6E-6B028FC61ABC}.Release|x64.ActiveCfg = Release|x64
		{A3911B0F-04B3-4037-AF6E-6B028FC61ABC}.Release|x64.Build.0 = Release|x64
		{A3911B0F-04B3-4037-AF6E-6B028FC61ABC}.Release|x86.ActiveCfg = Release|Win32
		{A3911B0F-04B3-4037-AF6E-6B028FC61ABC}.Release|x86.Build.0 = Release|Win32
		{16ABD2D4-D0BC-4E29-BE32-C58805949400}.Debug|x64.ActiveCfg = Debug|x64
		{16ABD2D4-D0BC-4E29-BE32-C58805949400}.Debug|x64.Build.0 = Debug|x64
		{16ABD2D4-D0BC-4E29-BE32-C58805949400}.Debug|x86.ActiveCfg = Debug|Win32
		{16ABD2D4-D0BC-4E29-BE32-C58805949400}.Debug|x86.Build.0 = Debug|Win32
		{16ABD2D4-D0BC-4E29-BE32-C58805949400}.Release|x64.ActiveCfg = Release|x64
		{16ABD2D4-D0BC-4E29-BE32-C58805949400}.Release|x64.Build.0 = Release|x64
		{16ABD2D4-D0BC-4E29-BE32-C58805949400}.Release|x86.ActiveCfg = Release|Win32
		{16ABD2D4-D0BC-4E29-BE32-C58805949400}.Release|x86.Build.0 = Release|Win32
		{9FA3515A-99B7-4031-8323-ED7C31909883}.Debug|x64.ActiveCfg = Debug|x64
		{9FA3515A-99B7-4031-8323-ED7C31909883}.Debug|x64.Build.0 = Debug|x64
		{9FA3515A-99B7-4031-8323-ED7C31909883}.Debug|x86.ActiveCfg = Debug|Win32
		{9FA3515A-99B7-4031-8323-ED7C31909883}.Debug|x86.Build.0 = Debug|Win32
		{9FA3515A-99B7-4031-8323-ED7C31909883}.Release|x64.ActiveCfg = Release|x64
		{9FA3515A-99B7-4031-8323-ED7C31909883}.Release|x64.Build.0 = Release|x64
		{9FA3515A-99B7-4031-8323-ED7C31909883}.Release|x86.ActiveCfg = Release|Win32
		{9FA3515A-99B7-4031-8323-ED7C31909883}.Release|x86.Build.0 = Release|Win32
		{C6B50C7B-0C92-4B1F-9CB8-F06C554A3FC3}.Debug|x64.ActiveCfg = Debug|x64
		{C6B50C7B-0C92-4B1F-9CB8-F06C554A3FC3}.Debug|x64.Build.0 = Debug|x64
		{C6B50C7B-0C92-4B1F-9CB8-F06C554A3FC3}.Debug|x86.ActiveCfg = Debug|Win32
		{C6B50C7B-0C92-4B1F-9CB8-F06C554A3FC3}.Debug|x86.Build.0 = Debug|Win32
		{C6B50C7B-0C92-4B1F-9CB8-F06C554A3FC3}.Release|x64.ActiveCfg = Release|x64
		{C6B50C7B-0C92-4B1F-9CB8-F06C554A3FC3}.Release|x64.Build.0 = Release|x64
		{C6B50C7B-0C92-4B1F-9CB8-F06C554A3FC3}.Release|x86.ActiveCfg = Release|Win32
		{C6B50C7B-0C92-4B1F-9CB8-F06C554A3FC3}.Release|x86.Build.0 = Release|Win32
		{A4154E1D-886E-4DFA-9F26-227E39D9BFD6}.Debug|x64.ActiveCfg = Debug|x64
		{A4154E1D-886E-4DFA-9F26-227E39D9BFD6}.Debug|x64.Build.0 = Debug|x64
		{A4154E1D-886E-4DFA-9F26-227E39D9BFD6}.Debug|x86.ActiveCfg = Debug|Win32
		{A4154E1D-886E-4DFA-9F26-227E39D9BFD6}.Debug|x86.Build.0 = Debug|Win32
		{A4154E1D-886E-4DFA-9F26-227E39D9BFD6}.Release|x64.ActiveCfg = Release|x64
		{A4154E1D-886E-4DFA-9F26-227E39D9BFD6}.Release|x64.Build.0 = Release|x64
		{A4154E1D-886E-4DFA-9F26-227E39D9BFD6}.Release|x86.ActiveCfg = Release|Win32
		{A4154E1D-886E-4DFA-9F26-227E39D9BFD6}.Release|x86.Build.0 = Release|Win32
		{057F88F9-930D-429D-9914-9633FBD96B4D}.Debug|x64.ActiveCfg = Debug|x64
		{057F88F9-930D-429D-9914-9633FBD96B4D}.Debug|x64.Build.0 = Debug|x64
		{057F88F9-930D-429D-9914-9633FBD96B4D}.Debug|x86.ActiveCfg = Debug|Win32
		{057F88F9-930D-429D-9914-9633FBD96B4D}.Debug|x86.Build.0 = Debug|Win32
		{057F88F9-930D-429D-9914-9633FBD96B4D}.Release|x64.ActiveCfg = Release|x64
		{057F88F9-930D-429D-9914-9633FBD96B4D}.Release|x64.Build.0 = Release|x64
		{057F88F9-930D-429D-9914-9633FBD96B4D}.Release|x86.ActiveCfg = Release|Win32
		{057F88F9-930D-429D-9914-9633FBD96B4D}.Release|x86.Build.0 = Release|Win32
		{9499E06F-BF08-4456-9858-1C3EB478DA0B}.Debug|x64.ActiveCfg = Debug|x64
		{9499E06F-BF08-4456-9858-1C3EB478DA0B}.Debug|x64.Build.0 = Debug|x64
		{9499E06F-BF08-4456-9858-1C3EB478DA0B}.Debug|x86.ActiveCfg = Debug|Win32
		{9499E06F-BF08-4456-9858-1C3EB478DA0B}.Debug|x86.Build.0 = Debug|Win32
		{9499E06F-BF08-4456-9858-1C3EB478DA0B}.Release|x64.ActiveCfg = Release|x64
		{9499E06F-BF08-4456-9858-1C3EB478DA0B}.Release|x64.Build.0 = Release|x64
		{9499E06F-BF08-4456-9858-1C3EB478DA0B}.Release|x86.ActiveCfg = Release|Win32
		{9499E06F-BF08-4456-9858-1C3EB478DA0B}.Release|x86.Build.0 = Release|Win32
		{32AACFDB-418D-4819-8148-C486873AF50B}.Debug|x64.ActiveCfg = Debug|x64
		{32AACFDB-418D-4819-8148-C486873AF50B}.Debug|x64.Build.0 = Debug|x64
		{32AACFDB-418D-4819-8148-C486873AF50B}.Debug|x86.ActiveCfg = Debug|Win32
		{32AACFDB-418D-4819-8148-C486873AF50B}.Debug|x86.Build.0 = Debug|Win32
		{32AACFDB-418D-4819-8148-C486873AF50B}.Release|x64.ActiveCfg = Release|x64
		{32AACFDB-418D-4819-8148-C486873AF50B}.Release|x64.Build.0 = Release|x64
		{32AACFDB-418D-4819-8148-C486873AF50B}.Release|x86.ActiveCfg = Release|Win32
		{32AACFDB-418D-4819-8148-C486873AF50B}.Release|x86.Build.0 = Release|Win32
		{55435FF5-B5E0-484E-8F03-71828801BFC7}.Debug|x64.ActiveCfg = Debug|x64
		{55435FF5-B5E0-484E-8F03-71828801BFC7}.Debug|x64.Build.0 = Debug|x64
		{55435FF5-B5E0-484E-8F03-71828801BFC7}.Debug|x86.ActiveCfg = Debug|Win32
		{55435FF5-B5E0-484E-8F03-71828801BFC7}.Debug|x86.Build.0 = Debug|Win32
		{55435FF5-B5E0-484E-8F03-71828801BFC7}.Release|x64.ActiveCfg = Release|x64
		{55435FF5-B5E0-484E-8F03-71828801BFC7}.Release|x64.Build.0 = Release|x64
		{55435FF5-B5E0-484E-8F03-71828801BFC7}.Release|x86.ActiveCfg = Release|Win32
		{55435FF5-B5E0-484E-8F03-71828801BFC7}.Release|x86.Build.0 = Release|Win32
		{811BB51D-AC17-444B-8BB3-E4835070F8D2}.Debug|x64.ActiveCfg = Debug|x64
		{811BB51D-AC17-444B-8BB3-E4835070F8D2}.Debug|x64.Build.0 = Debug|x64
		{811BB51D-AC17-444B-8BB3-E4835070F8D2}.Debug|x86.ActiveCfg = Debug|Win32
		{811BB51D-AC17-444B-8BB3-E4835070F8D2}.Debug|x86.Build.0 = Debug|Win32
		{811BB51D-AC17-444B-8BB3-E4835070F8D2}.Release|x64.ActiveCfg = Release|x64
		{811BB51D-AC17-444B-8BB3-E4835070F8D2}.Release|x64.Build.0 = Release|x64
		{811BB51D-AC17-444B-8BB3-E4835070F8D2}.Release|x86.ActiveCfg = Release|Win32
		{811BB51D-AC17-444B-8BB3-E4835070F8D2}.Release|x86.Build.0 = Release|Win32
		{C32D7B62-C758-4CEA-A1BF-1D3CABCAE216}.Debug|x64.ActiveCfg = Debug|x64
		{C32D7B62-C758-4CEA-A1BF-1D3CABCAE216}.Debug|x64.Build.0 = Debug|x64
		{C32D7B62-C758-4CEA-A1BF-1D3CABCAE216}.Debug|x86.ActiveCfg = Debug|Win32
		{C32D7B62-C758-4CEA-A1BF-1D3CABCAE216}.Debug|x86.Build.0 = Debug|Win32
		{C32D7B62-C758-4CEA-A1BF-1D3CABCAE216}.Release|x64.ActiveCfg = Release|x64
		{C32D7B62-C758-4CEA-A1BF-1D3CABCAE216}.Release|x64.Build.0 = Release|x64
		{C32D7B62-C758-4CEA-A1BF-1D3CABCAE216}.Release|x86.ActiveCfg = Release|Win32
		{C32D7B62-C758-4CEA-A1BF-1D3CABCAE216}.Release|x86.Build.0 = Release|Win32
		{65272703-ED86-4AC1-BD6B-DA5CA26E0F0B}.Debug|x64.ActiveCfg = Debug|x64
		{65272703-ED86-4AC1-BD6B-DA5CA26E0F0B}.Debug|x64.Build.0 = Debug|x64
		{65272703-ED86-4AC1-BD6B-DA5CA26E0F0B}.Debug|x86.ActiveCfg = Debug|Win32
		{65272703-ED86-4AC1-BD6B-DA5CA26E0F0B}.Debug|x86.Build.0 = Debug|Win32
		{65272703-ED86-4AC1-BD6B-DA5CA26E0F0B}.Release|x64.ActiveCfg = Release|x64
		{65272703-ED86-4AC1-BD6B-DA5CA26E0F0B}.Release|x64.Build.0 = Release|x64
		{65272703-ED86-4AC1-BD6B-DA5CA26E0F0B}.Release|x86.ActiveCfg = Release|Win32
		{65272703-ED86-4AC1-BD6B-DA5CA26E0F0B}.Release|x86.Build.0 = Release|Win32
		{B4770111-B62A-41B3-8693-8A4190454BE2}.Debug|x64.ActiveCfg = Debug|x64
		{B4770111-B62A-41B3-8693-8A4190454BE2}.Debug|x64.Build.0 = Debug|x64
		{B4770111-B62A-41B3-8693-8A4190454BE2}.Debug|x86.ActiveCfg = Debug|Win32
		{B4770111-B62A-41B3-8693-8A4190454BE2}.Debug|x86.Build.0 = Debug|Win32
		{B4770111-B62A-41B3-8693-8A4190454BE2}.Release|x64.ActiveCfg = Release|x64
		{B4770111-B62A-41B3-8693-8A4190454BE2}.Release|x64.Build.0 = Release|x64
		{B4770111-B62A-41B3-8693-8A4190454BE2}.Release|x86.ActiveCfg = Release|Win32
		{B4770111-B62A-41B3-8693-8A4190454BE2}.Release|x86.Build.0 = Release|Win32
	EndGlobalSection
	GlobalSection(SolutionProperties) = preSolution
		HideSolutionNode = FALSE
	EndGlobalSection
	GlobalSection(ExtensibilityGlobals) = postSolution
		SolutionGuid = {EC2ED58C-75C0-4515-99DF-B0F75508EC27}
	EndGlobalSection
EndGlobal
